{
  "object": {
    "pins": [
      {
        "package": "CoreResolve",
        "repositoryURL": "https://github.com/theappstudiollc/CoreResolve.git",
        "state": {
          "branch": "main",
          "revision": "22703f6da39307493257afd4798c1fdc49dc15e0",
          "version": null
        }
      }
    ]
  },
  "version": 1
}
