{
  "object": {
    "pins": [
      {
        "package": "CoreResolve",
        "repositoryURL": "https://github.com/theappstudiollc/CoreResolve.git",
        "state": {
          "branch": "main",
          "revision": "51447066d4f96e236c3ae65149ad0c1a8f6aab54",
          "version": null
        }
      }
    ]
  },
  "version": 1
}
